
Microsoft Visual Studio Solution File, Format Version 12.00
# Visual Studio Version 17
VisualStudioVersion = 17.4.33110.190
MinimumVisualStudioVersion = 10.0.40219.1
Project("{9A19103F-16F7-4668-BE54-9A1E7A4F7556}") = "Exe 1", "Exe 1.csproj", "{87A98F79-5281-42B7-A84B-C96B6D637B24}"
EndProject
Global
	GlobalSection(SolutionConfigurationPlatforms) = preSolution
		Debug|Any CPU = Debug|Any CPU
		Release|Any CPU = Release|Any CPU
	EndGlobalSection
	GlobalSection(ProjectConfigurationPlatforms) = postSolution
		{87A98F79-5281-42B7-A84B-C96B6D637B24}.Debug|Any CPU.ActiveCfg = Debug|Any CPU
		{87A98F79-5281-42B7-A84B-C96B6D637B24}.Debug|Any CPU.Build.0 = Debug|Any CPU
		{87A98F79-5281-42B7-A84B-C96B6D637B24}.Release|Any CPU.ActiveCfg = Release|Any CPU
		{87A98F79-5281-42B7-A84B-C96B6D637B24}.Release|Any CPU.Build.0 = Release|Any CPU
	EndGlobalSection
	GlobalSection(SolutionProperties) = preSolution
		HideSolutionNode = FALSE
	EndGlobalSection
	GlobalSection(ExtensibilityGlobals) = postSolution
		SolutionGuid = {39807E13-5F7D-4F0B-9943-DD3E0FCDC49F}
	EndGlobalSection
EndGlobal
